
Microsoft Visual Studio Solution File, Format Version 12.00
# Visual Studio Version 17
VisualStudioVersion = 17.4.33122.133
MinimumVisualStudioVersion = 10.0.40219.1
Project("{FAE04EC0-301F-11D3-BF4B-00C04F79EFBC}") = "Assignment-One_Revise", "Assignment-One_Revise\Assignment-One_Revise.csproj", "{3750A563-A16B-48EB-ADD7-F4CACF8AF127}"
EndProject
Global
	GlobalSection(SolutionConfigurationPlatforms) = preSolution
		Debug|Any CPU = Debug|Any CPU
		Release|Any CPU = Release|Any CPU
	EndGlobalSection
	GlobalSection(ProjectConfigurationPlatforms) = postSolution
		{3750A563-A16B-48EB-ADD7-F4CACF8AF127}.Debug|Any CPU.ActiveCfg = Debug|Any CPU
		{3750A563-A16B-48EB-ADD7-F4CACF8AF127}.Debug|Any CPU.Build.0 = Debug|Any CPU
		{3750A563-A16B-48EB-ADD7-F4CACF8AF127}.Release|Any CPU.ActiveCfg = Release|Any CPU
		{3750A563-A16B-48EB-ADD7-F4CACF8AF127}.Release|Any CPU.Build.0 = Release|Any CPU
	EndGlobalSection
	GlobalSection(SolutionProperties) = preSolution
		HideSolutionNode = FALSE
	EndGlobalSection
	GlobalSection(ExtensibilityGlobals) = postSolution
		SolutionGuid = {EF99F63C-3997-4E6E-B7E3-3B495F62A05A}
	EndGlobalSection
EndGlobal
